<?xml version="1.0" encoding="utf-8"?>
<Project ToolsVersion="4.0" xmlns="http://schemas.microsoft.com/developer/msbuild/2003">
  <ItemGroup>
    <Filter Include="Source Files">
      <UniqueIdentifier>{4FC737F1-C7A5-4376-A066-2A32D752A2FF}</UniqueIdentifier>
      <Extensions>cpp;c;cc;cxx;c++;cppm;ixx;def;odl;idl;hpj;bat;asm;asmx</Extensions>
    </Filter>
    <Filter Include="Source Files\shaders">
      <UniqueIdentifier>{9540506f-50bd-44de-8f60-005cfadf1a9f}</UniqueIdentifier>
    </Filter>
    <Filter Include="Source Files\textures">
      <UniqueIdentifier>{a03e7e2e-f289-4547-87b5-849a59a6f819}</UniqueIdentifier>
    </Filter>
    <Filter Include="Source Files\External">
      <UniqueIdentifier>{6be56ec5-248d-42d3-991c-45c372a04f10}</UniqueIdentifier>
    </Filter>
    <Filter Include="Source Files\External\GLAD">
      <UniqueIdentifier>{a361c402-db91-46f6-bbf8-d722dde98614}</UniqueIdentifier>
    </Filter>
    <Filter Include="Source Files\src">
      <UniqueIdentifier>{091b2782-750f-406d-bd7b-0a40cd5216a3}</UniqueIdentifier>
    </Filter>
  </ItemGroup>
  <ItemGroup>
    <ClCompile Include="..\..\..\..\Documents\OpenGL\Include\src\glad.c">
      <Filter>Source Files\External\GLAD</Filter>
    </ClCompile>
    <ClCompile Include="src\main.cpp">
      <Filter>Source Files\src</Filter>
    </ClCompile>
  </ItemGroup>
  <ItemGroup>
    <ClInclude Include="..\..\..\..\Documents\OpenGL\Include\glad.h">
      <Filter>Source Files\External\GLAD</Filter>
    </ClInclude>
    <ClInclude Include="external\stb_image.h">
      <Filter>Source Files\External</Filter>
    </ClInclude>
    <ClInclude Include="src\camera.h">
      <Filter>Source Files\src</Filter>
    </ClInclude>
    <ClInclude Include="src\filesystem.h">
      <Filter>Source Files\src</Filter>
    </ClInclude>
    <ClInclude Include="src\private.h">
      <Filter>Source Files\src</Filter>
    </ClInclude>
    <ClInclude Include="src\shader.h">
      <Filter>Source Files\src</Filter>
    </ClInclude>
    <ClInclude Include="src\light.h">
      <Filter>Source Files\src</Filter>
    </ClInclude>
  </ItemGroup>
  <ItemGroup>
    <None Include="shaders\axes.frag">
      <Filter>Source Files\shaders</Filter>
    </None>
    <None Include="shaders\axes.vert">
      <Filter>Source Files\shaders</Filter>
    </None>
    <None Include="shaders\cube.vert">
      <Filter>Source Files\shaders</Filter>
    </None>
    <None Include="shaders\light.frag">
      <Filter>Source Files\shaders</Filter>
    </None>
    <None Include="shaders\oldCube.frag">
      <Filter>Source Files\shaders</Filter>
    </None>
    <None Include="shaders\cube.frag">
      <Filter>Source Files\shaders</Filter>
    </None>
  </ItemGroup>
  <ItemGroup>
    <Image Include="textures\blue.png">
      <Filter>Source Files\textures</Filter>
    </Image>
    <Image Include="textures\emission.png">
      <Filter>Source Files\textures</Filter>
    </Image>
    <Image Include="textures\invert.png">
      <Filter>Source Files\textures</Filter>
    </Image>
  </ItemGroup>
</Project>